
Microsoft Visual Studio Solution File, Format Version 12.00
# Visual Studio Version 17
VisualStudioVersion = 17.1.32328.378
MinimumVisualStudioVersion = 10.0.40219.1
Project("{FAE04EC0-301F-11D3-BF4B-00C04F79EFBC}") = "HitsInternshipAssistant", "HitsInternshipAssistant.csproj", "{8B63E41F-8D42-4A4F-A9F7-B5DB3E20AA58}"
EndProject
Global
	GlobalSection(SolutionConfigurationPlatforms) = preSolution
		Debug|Any CPU = Debug|Any CPU
		Release|Any CPU = Release|Any CPU
	EndGlobalSection
	GlobalSection(ProjectConfigurationPlatforms) = postSolution
		{8B63E41F-8D42-4A4F-A9F7-B5DB3E20AA58}.Debug|Any CPU.ActiveCfg = Debug|Any CPU
		{8B63E41F-8D42-4A4F-A9F7-B5DB3E20AA58}.Debug|Any CPU.Build.0 = Debug|Any CPU
		{8B63E41F-8D42-4A4F-A9F7-B5DB3E20AA58}.Release|Any CPU.ActiveCfg = Release|Any CPU
		{8B63E41F-8D42-4A4F-A9F7-B5DB3E20AA58}.Release|Any CPU.Build.0 = Release|Any CPU
	EndGlobalSection
	GlobalSection(SolutionProperties) = preSolution
		HideSolutionNode = FALSE
	EndGlobalSection
	GlobalSection(ExtensibilityGlobals) = postSolution
		SolutionGuid = {14126374-B43F-4DC0-B262-C9F0BE7744C0}
	EndGlobalSection
EndGlobal
